
Microsoft Visual Studio Solution File, Format Version 12.00
# Visual Studio Version 16
VisualStudioVersion = 16.0.31624.102
MinimumVisualStudioVersion = 10.0.40219.1
Project("{8BC9CEB8-8B4A-11D0-8D11-00A0C91BC942}") = "01_Basic", "c0450_cpplangage\c0450_cpplangage.vcxproj", "{5B1D9663-47D3-4321-835F-022E19D8BD2D}"
EndProject
Project("{8BC9CEB8-8B4A-11D0-8D11-00A0C91BC942}") = "02_OOP", "OOP\OOP.vcxproj", "{BBC3BF51-30B4-4A19-BD30-C53D0F09FDDA}"
EndProject
Project("{8BC9CEB8-8B4A-11D0-8D11-00A0C91BC942}") = "03_Operator_Overloading", "Operater_Overloading\Operater_Overloading.vcxproj", "{C72FC58F-5225-4B70-9927-348FC5938173}"
EndProject
Project("{8BC9CEB8-8B4A-11D0-8D11-00A0C91BC942}") = "STL", "STL\STL.vcxproj", "{911C973D-89F8-40A8-A786-AD2B342C87AB}"
EndProject
Project("{8BC9CEB8-8B4A-11D0-8D11-00A0C91BC942}") = "04_Object_RelationShip", "Object_RelationShip\Object_RelationShip.vcxproj", "{D86D33C5-934C-49D9-BD8B-54D6AF2938D6}"
EndProject
Project("{8BC9CEB8-8B4A-11D0-8D11-00A0C91BC942}") = "05_Inheritance", "05_Inheritance\05_Inheritance.vcxproj", "{496F8B15-C4DF-423E-B668-0202D045A4BA}"
EndProject
Global
	GlobalSection(SolutionConfigurationPlatforms) = preSolution
		Debug|x64 = Debug|x64
		Debug|x86 = Debug|x86
		Release|x64 = Release|x64
		Release|x86 = Release|x86
	EndGlobalSection
	GlobalSection(ProjectConfigurationPlatforms) = postSolution
		{5B1D9663-47D3-4321-835F-022E19D8BD2D}.Debug|x64.ActiveCfg = Debug|x64
		{5B1D9663-47D3-4321-835F-022E19D8BD2D}.Debug|x64.Build.0 = Debug|x64
		{5B1D9663-47D3-4321-835F-022E19D8BD2D}.Debug|x86.ActiveCfg = Debug|Win32
		{5B1D9663-47D3-4321-835F-022E19D8BD2D}.Debug|x86.Build.0 = Debug|Win32
		{5B1D9663-47D3-4321-835F-022E19D8BD2D}.Release|x64.ActiveCfg = Release|x64
		{5B1D9663-47D3-4321-835F-022E19D8BD2D}.Release|x64.Build.0 = Release|x64
		{5B1D9663-47D3-4321-835F-022E19D8BD2D}.Release|x86.ActiveCfg = Release|Win32
		{5B1D9663-47D3-4321-835F-022E19D8BD2D}.Release|x86.Build.0 = Release|Win32
		{BBC3BF51-30B4-4A19-BD30-C53D0F09FDDA}.Debug|x64.ActiveCfg = Debug|x64
		{BBC3BF51-30B4-4A19-BD30-C53D0F09FDDA}.Debug|x64.Build.0 = Debug|x64
		{BBC3BF51-30B4-4A19-BD30-C53D0F09FDDA}.Debug|x86.ActiveCfg = Debug|Win32
		{BBC3BF51-30B4-4A19-BD30-C53D0F09FDDA}.Debug|x86.Build.0 = Debug|Win32
		{BBC3BF51-30B4-4A19-BD30-C53D0F09FDDA}.Release|x64.ActiveCfg = Release|x64
		{BBC3BF51-30B4-4A19-BD30-C53D0F09FDDA}.Release|x64.Build.0 = Release|x64
		{BBC3BF51-30B4-4A19-BD30-C53D0F09FDDA}.Release|x86.ActiveCfg = Release|Win32
		{BBC3BF51-30B4-4A19-BD30-C53D0F09FDDA}.Release|x86.Build.0 = Release|Win32
		{C72FC58F-5225-4B70-9927-348FC5938173}.Debug|x64.ActiveCfg = Debug|x64
		{C72FC58F-5225-4B70-9927-348FC5938173}.Debug|x64.Build.0 = Debug|x64
		{C72FC58F-5225-4B70-9927-348FC5938173}.Debug|x86.ActiveCfg = Debug|Win32
		{C72FC58F-5225-4B70-9927-348FC5938173}.Debug|x86.Build.0 = Debug|Win32
		{C72FC58F-5225-4B70-9927-348FC5938173}.Release|x64.ActiveCfg = Release|x64
		{C72FC58F-5225-4B70-9927-348FC5938173}.Release|x64.Build.0 = Release|x64
		{C72FC58F-5225-4B70-9927-348FC5938173}.Release|x86.ActiveCfg = Release|Win32
		{C72FC58F-5225-4B70-9927-348FC5938173}.Release|x86.Build.0 = Release|Win32
		{911C973D-89F8-40A8-A786-AD2B342C87AB}.Debug|x64.ActiveCfg = Debug|x64
		{911C973D-89F8-40A8-A786-AD2B342C87AB}.Debug|x64.Build.0 = Debug|x64
		{911C973D-89F8-40A8-A786-AD2B342C87AB}.Debug|x86.ActiveCfg = Debug|Win32
		{911C973D-89F8-40A8-A786-AD2B342C87AB}.Debug|x86.Build.0 = Debug|Win32
		{911C973D-89F8-40A8-A786-AD2B342C87AB}.Release|x64.ActiveCfg = Release|x64
		{911C973D-89F8-40A8-A786-AD2B342C87AB}.Release|x64.Build.0 = Release|x64
		{911C973D-89F8-40A8-A786-AD2B342C87AB}.Release|x86.ActiveCfg = Release|Win32
		{911C973D-89F8-40A8-A786-AD2B342C87AB}.Release|x86.Build.0 = Release|Win32
		{D86D33C5-934C-49D9-BD8B-54D6AF2938D6}.Debug|x64.ActiveCfg = Debug|x64
		{D86D33C5-934C-49D9-BD8B-54D6AF2938D6}.Debug|x64.Build.0 = Debug|x64
		{D86D33C5-934C-49D9-BD8B-54D6AF2938D6}.Debug|x86.ActiveCfg = Debug|Win32
		{D86D33C5-934C-49D9-BD8B-54D6AF2938D6}.Debug|x86.Build.0 = Debug|Win32
		{D86D33C5-934C-49D9-BD8B-54D6AF2938D6}.Release|x64.ActiveCfg = Release|x64
		{D86D33C5-934C-49D9-BD8B-54D6AF2938D6}.Release|x64.Build.0 = Release|x64
		{D86D33C5-934C-49D9-BD8B-54D6AF2938D6}.Release|x86.ActiveCfg = Release|Win32
		{D86D33C5-934C-49D9-BD8B-54D6AF2938D6}.Release|x86.Build.0 = Release|Win32
		{496F8B15-C4DF-423E-B668-0202D045A4BA}.Debug|x64.ActiveCfg = Debug|x64
		{496F8B15-C4DF-423E-B668-0202D045A4BA}.Debug|x64.Build.0 = Debug|x64
		{496F8B15-C4DF-423E-B668-0202D045A4BA}.Debug|x86.ActiveCfg = Debug|Win32
		{496F8B15-C4DF-423E-B668-0202D045A4BA}.Debug|x86.Build.0 = Debug|Win32
		{496F8B15-C4DF-423E-B668-0202D045A4BA}.Release|x64.ActiveCfg = Release|x64
		{496F8B15-C4DF-423E-B668-0202D045A4BA}.Release|x64.Build.0 = Release|x64
		{496F8B15-C4DF-423E-B668-0202D045A4BA}.Release|x86.ActiveCfg = Release|Win32
		{496F8B15-C4DF-423E-B668-0202D045A4BA}.Release|x86.Build.0 = Release|Win32
	EndGlobalSection
	GlobalSection(SolutionProperties) = preSolution
		HideSolutionNode = FALSE
	EndGlobalSection
	GlobalSection(ExtensibilityGlobals) = postSolution
		SolutionGuid = {2D97629E-CE0C-48B9-AB79-62231C3DDA7D}
	EndGlobalSection
EndGlobal
